<?xml version="1.0" encoding="UTF-8"?>
<Scheme
   LastUpgradeVersion = "1430"
   version = "1.7">
   <BuildAction
      parallelizeBuildables = "YES"
      buildImplicitDependencies = "YES"
      runPostActionsOnFailure = "NO">
      <BuildActionEntries>
         <BuildActionEntry
            buildForTesting = "YES"
            buildForRunning = "YES"
            buildForProfiling = "YES"
            buildForArchiving = "YES"
            buildForAnalyzing = "YES">
            <BuildableReference
               BuildableIdentifier = "primary"
               BlueprintIdentifier = "B509CA916BA1CAAB2A2748E2"
               BuildableName = "AfterPlans.app"
               BlueprintName = "AfterPlans"
               ReferencedContainer = "container:AfterPlans.xcodeproj">
            </BuildableReference>
         </BuildActionEntry>
      </BuildActionEntries>
   </BuildAction>
   <TestAction
      buildConfiguration = "Debug"
      selectedDebuggerIdentifier = "Xcode.DebuggerFoundation.Debugger.LLDB"
      selectedLauncherIdentifier = "Xcode.DebuggerFoundation.Launcher.LLDB"
      shouldUseLaunchSchemeArgsEnv = "NO"
      codeCoverageEnabled = "YES"
      onlyGenerateCoverageForSpecifiedTargets = "YES">
      <MacroExpansion>
         <BuildableReference
            BuildableIdentifier = "primary"
            BlueprintIdentifier = "B509CA916BA1CAAB2A2748E2"
            BuildableName = "AfterPlans.app"
            BlueprintName = "AfterPlans"
            ReferencedContainer = "container:AfterPlans.xcodeproj">
         </BuildableReference>
      </MacroExpansion>
      <Testables>
         <TestableReference
            skipped = "NO"
            parallelizable = "NO">
            <BuildableReference
               BuildableIdentifier = "primary"
               BlueprintIdentifier = "FBF529B5D3D1D1025B1B4551"
               BuildableName = "AfterPlansTests.xctest"
               BlueprintName = "AfterPlansTests"
               ReferencedContainer = "container:AfterPlans.xcodeproj">
            </BuildableReference>
         </TestableReference>
      </Testables>
      <CommandLineArguments>
      </CommandLineArguments>
      <EnvironmentVariables>
         <EnvironmentVariable
            key = "AFTERPLANS_SUPABASE_URL"
            value = "http://127.0.0.1:54321"
            isEnabled = "YES">
         </EnvironmentVariable>
         <EnvironmentVariable
            key = "AFTERPLANS_SUPABASE_KEY"
            value = "eyJhbGciOiJIUzI1NiIsInR5cCI6IkpXVCJ9.eyJpc3MiOiJzdXBhYmFzZS1kZW1vIiwicm9sZSI6ImFub24iLCJleHAiOjE5ODM4MTI5OTZ9.CRXP1A7WOeoJeXxjNni43kdQwgnWNReilDMblYTn_I0"
            isEnabled = "YES">
         </EnvironmentVariable>
         <EnvironmentVariable
            key = "AFTERPLANS_BACKEND"
            value = "supabase"
            isEnabled = "NO">
         </EnvironmentVariable>
      </EnvironmentVariables>
      <CodeCoverageTargets>
         <BuildableReference
            BuildableIdentifier = "primary"
            BlueprintIdentifier = "B509CA916BA1CAAB2A2748E2"
            BuildableName = "AfterPlans.app"
            BlueprintName = "AfterPlans"
            ReferencedContainer = "container:AfterPlans.xcodeproj">
         </BuildableReference>
      </CodeCoverageTargets>
   </TestAction>
   <LaunchAction
      buildConfiguration = "Debug"
      selectedDebuggerIdentifier = "Xcode.DebuggerFoundation.Debugger.LLDB"
      selectedLauncherIdentifier = "Xcode.DebuggerFoundation.Launcher.LLDB"
      launchStyle = "0"
      useCustomWorkingDirectory = "NO"
      ignoresPersistentStateOnLaunch = "NO"
      debugDocumentVersioning = "YES"
      debugServiceExtension = "internal"
      allowLocationSimulation = "YES">
      <BuildableProductRunnable
         runnableDebuggingMode = "0">
         <BuildableReference
            BuildableIdentifier = "primary"
            BlueprintIdentifier = "B509CA916BA1CAAB2A2748E2"
            BuildableName = "AfterPlans.app"
            BlueprintName = "AfterPlans"
            ReferencedContainer = "container:AfterPlans.xcodeproj">
         </BuildableReference>
      </BuildableProductRunnable>
      <CommandLineArguments>
      </CommandLineArguments>
      <EnvironmentVariables>
         <EnvironmentVariable
            key = "AFTERPLANS_SUPABASE_URL"
            value = "http://127.0.0.1:54321"
            isEnabled = "YES">
         </EnvironmentVariable>
         <EnvironmentVariable
            key = "AFTERPLANS_SUPABASE_KEY"
            value = "eyJhbGciOiJIUzI1NiIsInR5cCI6IkpXVCJ9.eyJpc3MiOiJzdXBhYmFzZS1kZW1vIiwicm9sZSI6ImFub24iLCJleHAiOjE5ODM4MTI5OTZ9.CRXP1A7WOeoJeXxjNni43kdQwgnWNReilDMblYTn_I0"
            isEnabled = "YES">
         </EnvironmentVariable>
         <EnvironmentVariable
            key = "AFTERPLANS_BACKEND"
            value = "supabase"
            isEnabled = "NO">
         </EnvironmentVariable>
      </EnvironmentVariables>
   </LaunchAction>
   <ProfileAction
      buildConfiguration = "Release"
      shouldUseLaunchSchemeArgsEnv = "NO"
      savedToolIdentifier = ""
      useCustomWorkingDirectory = "NO"
      debugDocumentVersioning = "YES">
      <BuildableProductRunnable
         runnableDebuggingMode = "0">
         <BuildableReference
            BuildableIdentifier = "primary"
            BlueprintIdentifier = "B509CA916BA1CAAB2A2748E2"
            BuildableName = "AfterPlans.app"
            BlueprintName = "AfterPlans"
            ReferencedContainer = "container:AfterPlans.xcodeproj">
         </BuildableReference>
      </BuildableProductRunnable>
      <CommandLineArguments>
      </CommandLineArguments>
      <EnvironmentVariables>
         <EnvironmentVariable
            key = "AFTERPLANS_SUPABASE_URL"
            value = "http://127.0.0.1:54321"
            isEnabled = "YES">
         </EnvironmentVariable>
         <EnvironmentVariable
            key = "AFTERPLANS_SUPABASE_KEY"
            value = "eyJhbGciOiJIUzI1NiIsInR5cCI6IkpXVCJ9.eyJpc3MiOiJzdXBhYmFzZS1kZW1vIiwicm9sZSI6ImFub24iLCJleHAiOjE5ODM4MTI5OTZ9.CRXP1A7WOeoJeXxjNni43kdQwgnWNReilDMblYTn_I0"
            isEnabled = "YES">
         </EnvironmentVariable>
         <EnvironmentVariable
            key = "AFTERPLANS_BACKEND"
            value = "supabase"
            isEnabled = "NO">
         </EnvironmentVariable>
      </EnvironmentVariables>
   </ProfileAction>
   <AnalyzeAction
      buildConfiguration = "Debug">
   </AnalyzeAction>
   <ArchiveAction
      buildConfiguration = "Release"
      revealArchiveInOrganizer = "YES">
   </ArchiveAction>
</Scheme>
